
Microsoft Visual Studio Solution File, Format Version 12.00
# Visual Studio Version 16
VisualStudioVersion = 16.0.30128.74
MinimumVisualStudioVersion = 10.0.40219.1
Project("{FAE04EC0-301F-11D3-BF4B-00C04F79EFBC}") = "TaskFour", "TaskFour\TaskFour.csproj", "{FF318652-0989-4F71-9B1F-1E8D5EA6623E}"
EndProject
Global
	GlobalSection(SolutionConfigurationPlatforms) = preSolution
		Debug|Any CPU = Debug|Any CPU
		Release|Any CPU = Release|Any CPU
	EndGlobalSection
	GlobalSection(ProjectConfigurationPlatforms) = postSolution
		{FF318652-0989-4F71-9B1F-1E8D5EA6623E}.Debug|Any CPU.ActiveCfg = Debug|Any CPU
		{FF318652-0989-4F71-9B1F-1E8D5EA6623E}.Debug|Any CPU.Build.0 = Debug|Any CPU
		{FF318652-0989-4F71-9B1F-1E8D5EA6623E}.Release|Any CPU.ActiveCfg = Release|Any CPU
		{FF318652-0989-4F71-9B1F-1E8D5EA6623E}.Release|Any CPU.Build.0 = Release|Any CPU
	EndGlobalSection
	GlobalSection(SolutionProperties) = preSolution
		HideSolutionNode = FALSE
	EndGlobalSection
	GlobalSection(ExtensibilityGlobals) = postSolution
		SolutionGuid = {D7BF4575-916D-4C96-8FA3-C931C4D225F6}
	EndGlobalSection
EndGlobal
